{
  "name": "working-client",
  "version": "0.0.1",
  "lockfileVersion": 1,
  "requires": true,
  "dependencies": {
    "bootstrap": {
      "version": "https://registry.npmjs.org/bootstrap/-/bootstrap-4.0.0-alpha.6.tgz",
      "integrity": "sha1-T1TdM6wN6sOyhAe8LffsYIhpycg=",
      "requires": {
        "jquery": "https://registry.npmjs.org/jquery/-/jquery-3.2.1.tgz",
        "tether": "https://registry.npmjs.org/tether/-/tether-1.4.0.tgz"
      }
    },
    "flatpickr": {
      "version": "3.0.5-1",
      "resolved": "https://registry.npmjs.org/flatpickr/-/flatpickr-3.0.5-1.tgz",
      "integrity": "sha512-EuTVxbdES7viQsKMiR2385f5uFdaHPlPEMr1mIkBL5z7wcX4th2eGYA0kAPjGnr/HrOCSylSbO1GqWGu7XCWpQ=="
    },
    "fullcalendar": {
      "version": "3.4.0",
      "resolved": "https://registry.npmjs.org/fullcalendar/-/fullcalendar-3.4.0.tgz",
      "integrity": "sha1-NNq/8qvl6F9wAlx4mludw+pMR2I=",
      "requires": {
        "jquery": "https://registry.npmjs.org/jquery/-/jquery-3.2.1.tgz",
        "moment": "2.18.1"
      }
    },
    "jquery": {
      "version": "https://registry.npmjs.org/jquery/-/jquery-3.2.1.tgz",
      "integrity": "sha1-XE2d5lKvbNCncBVKYxu6ErAVx4c="
    },
    "moment": {
      "version": "2.18.1",
      "resolved": "https://registry.npmjs.org/moment/-/moment-2.18.1.tgz",
      "integrity": "sha1-w2GT3Tzhwu7SrbfIAtu8d6gbHA8="
    },
    "tether": {
      "version": "https://registry.npmjs.org/tether/-/tether-1.4.0.tgz",
      "integrity": "sha1-D5+hcfdb9YSF2BSelHmdeudNHBo="
    }
  }
}
